
Microsoft Visual Studio Solution File, Format Version 11.00
# Visual Studio 2010
Project("{FAE04EC0-301F-11D3-BF4B-00C04F79EFBC}") = "ExplosionGame", "ExplosionGame\ExplosionGame\ExplosionGame.csproj", "{0B21B0D2-3568-4052-BE28-B43036CC845C}"
EndProject
Project("{96E2B04D-8817-42C6-938A-82C39BA4D311}") = "ExplosionGameContent", "ExplosionGame\ExplosionGameContent\ExplosionGameContent.contentproj", "{1CD823C9-7937-4805-B87D-F5511923F744}"
EndProject
Global
	GlobalSection(SolutionConfigurationPlatforms) = preSolution
		Debug|x86 = Debug|x86
		Release|x86 = Release|x86
	EndGlobalSection
	GlobalSection(ProjectConfigurationPlatforms) = postSolution
		{0B21B0D2-3568-4052-BE28-B43036CC845C}.Debug|x86.ActiveCfg = Debug|x86
		{0B21B0D2-3568-4052-BE28-B43036CC845C}.Debug|x86.Build.0 = Debug|x86
		{0B21B0D2-3568-4052-BE28-B43036CC845C}.Release|x86.ActiveCfg = Release|x86
		{0B21B0D2-3568-4052-BE28-B43036CC845C}.Release|x86.Build.0 = Release|x86
		{1CD823C9-7937-4805-B87D-F5511923F744}.Debug|x86.ActiveCfg = Debug|x86
		{1CD823C9-7937-4805-B87D-F5511923F744}.Release|x86.ActiveCfg = Release|x86
	EndGlobalSection
	GlobalSection(SolutionProperties) = preSolution
		HideSolutionNode = FALSE
	EndGlobalSection
EndGlobal
