
Microsoft Visual Studio Solution File, Format Version 11.00
# Visual Studio 2010
Project("{FAE04EC0-301F-11D3-BF4B-00C04F79EFBC}") = "FireAndExplosionGame", "FireAndExplosionGame\FireAndExplosionGame\FireAndExplosionGame.csproj", "{B91238E8-05B4-419F-AC2D-307960A2511A}"
EndProject
Project("{96E2B04D-8817-42C6-938A-82C39BA4D311}") = "FireAndExplosionGameContent", "FireAndExplosionGame\FireAndExplosionGameContent\FireAndExplosionGameContent.contentproj", "{7107884A-F82F-419C-A6C3-363AD5DDFF5D}"
EndProject
Global
	GlobalSection(SolutionConfigurationPlatforms) = preSolution
		Debug|x86 = Debug|x86
		Release|x86 = Release|x86
	EndGlobalSection
	GlobalSection(ProjectConfigurationPlatforms) = postSolution
		{B91238E8-05B4-419F-AC2D-307960A2511A}.Debug|x86.ActiveCfg = Debug|x86
		{B91238E8-05B4-419F-AC2D-307960A2511A}.Debug|x86.Build.0 = Debug|x86
		{B91238E8-05B4-419F-AC2D-307960A2511A}.Release|x86.ActiveCfg = Release|x86
		{B91238E8-05B4-419F-AC2D-307960A2511A}.Release|x86.Build.0 = Release|x86
		{7107884A-F82F-419C-A6C3-363AD5DDFF5D}.Debug|x86.ActiveCfg = Debug|x86
		{7107884A-F82F-419C-A6C3-363AD5DDFF5D}.Release|x86.ActiveCfg = Release|x86
	EndGlobalSection
	GlobalSection(SolutionProperties) = preSolution
		HideSolutionNode = FALSE
	EndGlobalSection
EndGlobal
